
Microsoft Visual Studio Solution File, Format Version 12.00
# Visual Studio Version 16
VisualStudioVersion = 16.0.31229.75
MinimumVisualStudioVersion = 10.0.40219.1
Project("{FAE04EC0-301F-11D3-BF4B-00C04F79EFBC}") = "ApplicationSample", "ApplicationSample\ApplicationSample.csproj", "{041039D0-A36D-42F6-83A3-E85CE4FA5F48}"
EndProject
Project("{FAE04EC0-301F-11D3-BF4B-00C04F79EFBC}") = "MediatorFromScratch", "MediatorFromScratch\MediatorFromScratch.csproj", "{E8DE543C-78AD-4B01-82CE-F92CF394ECA8}"
EndProject
Global
	GlobalSection(SolutionConfigurationPlatforms) = preSolution
		Debug|Any CPU = Debug|Any CPU
		Release|Any CPU = Release|Any CPU
	EndGlobalSection
	GlobalSection(ProjectConfigurationPlatforms) = postSolution
		{041039D0-A36D-42F6-83A3-E85CE4FA5F48}.Debug|Any CPU.ActiveCfg = Debug|Any CPU
		{041039D0-A36D-42F6-83A3-E85CE4FA5F48}.Debug|Any CPU.Build.0 = Debug|Any CPU
		{041039D0-A36D-42F6-83A3-E85CE4FA5F48}.Release|Any CPU.ActiveCfg = Release|Any CPU
		{041039D0-A36D-42F6-83A3-E85CE4FA5F48}.Release|Any CPU.Build.0 = Release|Any CPU
		{E8DE543C-78AD-4B01-82CE-F92CF394ECA8}.Debug|Any CPU.ActiveCfg = Debug|Any CPU
		{E8DE543C-78AD-4B01-82CE-F92CF394ECA8}.Debug|Any CPU.Build.0 = Debug|Any CPU
		{E8DE543C-78AD-4B01-82CE-F92CF394ECA8}.Release|Any CPU.ActiveCfg = Release|Any CPU
		{E8DE543C-78AD-4B01-82CE-F92CF394ECA8}.Release|Any CPU.Build.0 = Release|Any CPU
	EndGlobalSection
	GlobalSection(SolutionProperties) = preSolution
		HideSolutionNode = FALSE
	EndGlobalSection
	GlobalSection(ExtensibilityGlobals) = postSolution
		SolutionGuid = {E6001B31-0163-43C0-A44F-3E8B8481EAEB}
	EndGlobalSection
EndGlobal
